<?xml version="1.0" encoding="utf-8"?>
<Project ToolsVersion="4.0" xmlns="http://schemas.microsoft.com/developer/msbuild/2003">
  <ItemGroup>
    <Filter Include="Source Files">
      <UniqueIdentifier>{4FC737F1-C7A5-4376-A066-2A32D752A2FF}</UniqueIdentifier>
      <Extensions>cpp;c;cc;cxx;def;odl;idl;hpj;bat;asm;asmx</Extensions>
    </Filter>
    <Filter Include="Header Files">
      <UniqueIdentifier>{93995380-89BD-4b04-88EB-625FBE52EBFB}</UniqueIdentifier>
      <Extensions>h;hh;hpp;hxx;hm;inl;inc;xsd</Extensions>
    </Filter>
    <Filter Include="Header Files\Resource Files">
      <UniqueIdentifier>{67DA6AB6-F800-4c08-8B7A-83BB121AAD01}</UniqueIdentifier>
      <Extensions>rc;ico;cur;bmp;dlg;rc2;rct;bin;rgs;gif;jpg;jpeg;jpe;resx;tiff;tif;png;wav;mfcribbon-ms</Extensions>
    </Filter>
  </ItemGroup>
  <ItemGroup>
    <ClCompile Include="main.c">
      <Filter>Source Files</Filter>
    </ClCompile>
  </ItemGroup>
  <ItemGroup>
    <Image Include="Introduction.bmp">
      <Filter>Header Files\Resource Files</Filter>
    </Image>
    <Image Include="images\11.bmp">
      <Filter>Header Files\Resource Files</Filter>
    </Image>
    <Image Include="images\12.bmp">
      <Filter>Header Files\Resource Files</Filter>
    </Image>
    <Image Include="images\122.bmp">
      <Filter>Header Files\Resource Files</Filter>
    </Image>
    <Image Include="images\beetle_1.bmp">
      <Filter>Header Files\Resource Files</Filter>
    </Image>
    <Image Include="images\bonus.bmp">
      <Filter>Header Files\Resource Files</Filter>
    </Image>
    <Image Include="images\bridge_1.bmp">
      <Filter>Header Files\Resource Files</Filter>
    </Image>
    <Image Include="images\coin_0.bmp">
      <Filter>Header Files\Resource Files</Filter>
    </Image>
    <Image Include="images\crown.bmp">
      <Filter>Header Files\Resource Files</Filter>
    </Image>
    <Image Include="images\firework1.bmp">
      <Filter>Header Files\Resource Files</Filter>
    </Image>
    <Image Include="images\firework2.bmp">
      <Filter>Header Files\Resource Files</Filter>
    </Image>
    <Image Include="images\goombas2_1.bmp">
      <Filter>Header Files\Resource Files</Filter>
    </Image>
    <Image Include="images\mushroom.bmp">
      <Filter>Header Files\Resource Files</Filter>
    </Image>
    <Image Include="images\star_0.bmp">
      <Filter>Header Files\Resource Files</Filter>
    </Image>
    <Image Include="images\super_mario_bros.bmp">
      <Filter>Header Files\Resource Files</Filter>
    </Image>
    <Image Include="images\mario\mario.bmp">
      <Filter>Header Files\Resource Files</Filter>
    </Image>
    <Image Include="images\ico2.bmp">
      <Filter>Header Files\Resource Files</Filter>
    </Image>
    <Image Include="images\mario\mario2s.bmp">
      <Filter>Header Files\Resource Files</Filter>
    </Image>
  </ItemGroup>
  <ItemGroup>
    <Text Include="mapa.txt">
      <Filter>Header Files\Resource Files</Filter>
    </Text>
  </ItemGroup>
  <ItemGroup>
    <ClInclude Include="resource1.h">
      <Filter>Header Files</Filter>
    </ClInclude>
  </ItemGroup>
  <ItemGroup>
    <ResourceCompile Include="PocketTrivia1.rc">
      <Filter>Header Files\Resource Files</Filter>
    </ResourceCompile>
  </ItemGroup>
  <ItemGroup>
    <Media Include="sounds\coin.wav">
      <Filter>Header Files\Resource Files</Filter>
    </Media>
    <Media Include="sounds\death.wav">
      <Filter>Header Files\Resource Files</Filter>
    </Media>
    <Media Include="sounds\princessmusic.wav">
      <Filter>Header Files\Resource Files</Filter>
    </Media>
  </ItemGroup>
  <ItemGroup>
    <None Include="sounds\mainTheme.mid">
      <Filter>Header Files\Resource Files</Filter>
    </None>
    <None Include="images\nightmode.fmp">
      <Filter>Header Files\Resource Files</Filter>
    </None>
    <None Include="images\daymode.fmp">
      <Filter>Header Files\Resource Files</Filter>
    </None>
  </ItemGroup>
</Project>